// !$*UTF8*$!
{
	archiveVersion = 1;
	classes = {
	};
	objectVersion = 46;
	objects = {

/* Begin PBXBuildFile section */
		44955A991F7B5107007334D4 /* main.m in Sources */ = {isa = PBXBuildFile; fileRef = 44955A981F7B5107007334D4 /* main.m */; };
		44955A9C1F7B5107007334D4 /* AppDelegate.m in Sources */ = {isa = PBXBuildFile; fileRef = 44955A9B1F7B5107007334D4 /* AppDelegate.m */; };
		44955A9F1F7B5107007334D4 /* ViewController.m in Sources */ = {isa = PBXBuildFile; fileRef = 44955A9E1F7B5107007334D4 /* ViewController.m */; };
		44955AA21F7B5107007334D4 /* Main.storyboard in Resources */ = {isa = PBXBuildFile; fileRef = 44955AA01F7B5107007334D4 /* Main.storyboard */; };
		44955AA41F7B5107007334D4 /* Assets.xcassets in Resources */ = {isa = PBXBuildFile; fileRef = 44955AA31F7B5107007334D4 /* Assets.xcassets */; };
		44955AA71F7B5107007334D4 /* LaunchScreen.storyboard in Resources */ = {isa = PBXBuildFile; fileRef = 44955AA51F7B5107007334D4 /* LaunchScreen.storyboard */; };
		44955AB21F7B5107007334D4 /* TestAllTests.m in Sources */ = {isa = PBXBuildFile; fileRef = 44955AB11F7B5107007334D4 /* TestAllTests.m */; };
		44955ABD1F7B5107007334D4 /* TestAllUITests.m in Sources */ = {isa = PBXBuildFile; fileRef = 44955ABC1F7B5107007334D4 /* TestAllUITests.m */; };
		44EA76822199228600317CE8 /* Reachability.m in Sources */ = {isa = PBXBuildFile; fileRef = 44EA76712199228500317CE8 /* Reachability.m */; };
		44EA76832199228600317CE8 /* UIView+Extension.m in Sources */ = {isa = PBXBuildFile; fileRef = 44EA76722199228500317CE8 /* UIView+Extension.m */; };
		44EA76842199228600317CE8 /* MyTools.m in Sources */ = {isa = PBXBuildFile; fileRef = 44EA76732199228500317CE8 /* MyTools.m */; };
		44EA76852199228600317CE8 /* JPFPSStatus.m in Sources */ = {isa = PBXBuildFile; fileRef = 44EA76752199228500317CE8 /* JPFPSStatus.m */; };
		44EA76862199228600317CE8 /* NSDictionary+HYBUnicodeReadable.m in Sources */ = {isa = PBXBuildFile; fileRef = 44EA76782199228600317CE8 /* NSDictionary+HYBUnicodeReadable.m */; };
		44EA76872199228600317CE8 /* NSSet+HYBUnicodeReadable.m in Sources */ = {isa = PBXBuildFile; fileRef = 44EA767F2199228600317CE8 /* NSSet+HYBUnicodeReadable.m */; };
		44EA76882199228600317CE8 /* MBProgressHUD.m in Sources */ = {isa = PBXBuildFile; fileRef = 44EA76802199228600317CE8 /* MBProgressHUD.m */; };
		44EA76892199228600317CE8 /* NSArray+HYBUnicodeReadable.m in Sources */ = {isa = PBXBuildFile; fileRef = 44EA76812199228600317CE8 /* NSArray+HYBUnicodeReadable.m */; };
/* End PBXBuildFile section */

/* Begin PBXContainerItemProxy section */
		44955AAE1F7B5107007334D4 /* PBXContainerItemProxy */ = {
			isa = PBXContainerItemProxy;
			containerPortal = 44955A8C1F7B5107007334D4 /* Project object */;
			proxyType = 1;
			remoteGlobalIDString = 44955A931F7B5107007334D4;
			remoteInfo = TestAll;
		};
		44955AB91F7B5107007334D4 /* PBXContainerItemProxy */ = {
			isa = PBXContainerItemProxy;
			containerPortal = 44955A8C1F7B5107007334D4 /* Project object */;
			proxyType = 1;
			remoteGlobalIDString = 44955A931F7B5107007334D4;
			remoteInfo = TestAll;
		};
/* End PBXContainerItemProxy section */

/* Begin PBXFileReference section */
		442549F31F7BA73B00745F79 /* PrefixHeader.pch */ = {isa = PBXFileReference; lastKnownFileType = sourcecode.c.h; path = PrefixHeader.pch; sourceTree = "<group>"; };
		44955A941F7B5107007334D4 /* TestAll.app */ = {isa = PBXFileReference; explicitFileType = wrapper.application; includeInIndex = 0; path = TestAll.app; sourceTree = BUILT_PRODUCTS_DIR; };
		44955A981F7B5107007334D4 /* main.m */ = {isa = PBXFileReference; lastKnownFileType = sourcecode.c.objc; path = main.m; sourceTree = "<group>"; };
		44955A9A1F7B5107007334D4 /* AppDelegate.h */ = {isa = PBXFileReference; lastKnownFileType = sourcecode.c.h; path = AppDelegate.h; sourceTree = "<group>"; };
		44955A9B1F7B5107007334D4 /* AppDelegate.m */ = {isa = PBXFileReference; lastKnownFileType = sourcecode.c.objc; path = AppDelegate.m; sourceTree = "<group>"; };
		44955A9D1F7B5107007334D4 /* ViewController.h */ = {isa = PBXFileReference; lastKnownFileType = sourcecode.c.h; path = ViewController.h; sourceTree = "<group>"; };
		44955A9E1F7B5107007334D4 /* ViewController.m */ = {isa = PBXFileReference; lastKnownFileType = sourcecode.c.objc; path = ViewController.m; sourceTree = "<group>"; };
		44955AA11F7B5107007334D4 /* Base */ = {isa = PBXFileReference; lastKnownFileType = file.storyboard; name = Base; path = Base.lproj/Main.storyboard; sourceTree = "<group>"; };
		44955AA31F7B5107007334D4 /* Assets.xcassets */ = {isa = PBXFileReference; lastKnownFileType = folder.assetcatalog; path = Assets.xcassets; sourceTree = "<group>"; };
		44955AA61F7B5107007334D4 /* Base */ = {isa = PBXFileReference; lastKnownFileType = file.storyboard; name = Base; path = Base.lproj/LaunchScreen.storyboard; sourceTree = "<group>"; };
		44955AA81F7B5107007334D4 /* Info.plist */ = {isa = PBXFileReference; lastKnownFileType = text.plist.xml; path = Info.plist; sourceTree = "<group>"; };
		44955AAD1F7B5107007334D4 /* TestAllTests.xctest */ = {isa = PBXFileReference; explicitFileType = wrapper.cfbundle; includeInIndex = 0; path = TestAllTests.xctest; sourceTree = BUILT_PRODUCTS_DIR; };
		44955AB11F7B5107007334D4 /* TestAllTests.m */ = {isa = PBXFileReference; lastKnownFileType = sourcecode.c.objc; path = TestAllTests.m; sourceTree = "<group>"; };
		44955AB31F7B5107007334D4 /* Info.plist */ = {isa = PBXFileReference; lastKnownFileType = text.plist.xml; path = Info.plist; sourceTree = "<group>"; };
		44955AB81F7B5107007334D4 /* TestAllUITests.xctest */ = {isa = PBXFileReference; explicitFileType = wrapper.cfbundle; includeInIndex = 0; path = TestAllUITests.xctest; sourceTree = BUILT_PRODUCTS_DIR; };
		44955ABC1F7B5107007334D4 /* TestAllUITests.m */ = {isa = PBXFileReference; lastKnownFileType = sourcecode.c.objc; path = TestAllUITests.m; sourceTree = "<group>"; };
		44955ABE1F7B5107007334D4 /* Info.plist */ = {isa = PBXFileReference; lastKnownFileType = text.plist.xml; path = Info.plist; sourceTree = "<group>"; };
		44E936F5200FB48600575356 /* libz.tbd */ = {isa = PBXFileReference; lastKnownFileType = "sourcecode.text-based-dylib-definition"; name = libz.tbd; path = usr/lib/libz.tbd; sourceTree = SDKROOT; };
		44EA766E2199228500317CE8 /* Singleton.h */ = {isa = PBXFileReference; fileEncoding = 4; lastKnownFileType = sourcecode.c.h; path = Singleton.h; sourceTree = "<group>"; };
		44EA766F2199228500317CE8 /* NSDictionary+HYBUnicodeReadable.h */ = {isa = PBXFileReference; fileEncoding = 4; lastKnownFileType = sourcecode.c.h; path = "NSDictionary+HYBUnicodeReadable.h"; sourceTree = "<group>"; };
		44EA76702199228500317CE8 /* UIView+Extension.h */ = {isa = PBXFileReference; fileEncoding = 4; lastKnownFileType = sourcecode.c.h; path = "UIView+Extension.h"; sourceTree = "<group>"; };
		44EA76712199228500317CE8 /* Reachability.m */ = {isa = PBXFileReference; fileEncoding = 4; lastKnownFileType = sourcecode.c.objc; path = Reachability.m; sourceTree = "<group>"; };
		44EA76722199228500317CE8 /* UIView+Extension.m */ = {isa = PBXFileReference; fileEncoding = 4; lastKnownFileType = sourcecode.c.objc; path = "UIView+Extension.m"; sourceTree = "<group>"; };
		44EA76732199228500317CE8 /* MyTools.m */ = {isa = PBXFileReference; fileEncoding = 4; lastKnownFileType = sourcecode.c.objc; path = MyTools.m; sourceTree = "<group>"; };
		44EA76742199228500317CE8 /* MyTools.h */ = {isa = PBXFileReference; fileEncoding = 4; lastKnownFileType = sourcecode.c.h; path = MyTools.h; sourceTree = "<group>"; };
		44EA76752199228500317CE8 /* JPFPSStatus.m */ = {isa = PBXFileReference; fileEncoding = 4; lastKnownFileType = sourcecode.c.objc; path = JPFPSStatus.m; sourceTree = "<group>"; };
		44EA76762199228500317CE8 /* NSSet+HYBUnicodeReadable.h */ = {isa = PBXFileReference; fileEncoding = 4; lastKnownFileType = sourcecode.c.h; path = "NSSet+HYBUnicodeReadable.h"; sourceTree = "<group>"; };
		44EA76772199228600317CE8 /* NSArray+HYBUnicodeReadable.h */ = {isa = PBXFileReference; fileEncoding = 4; lastKnownFileType = sourcecode.c.h; path = "NSArray+HYBUnicodeReadable.h"; sourceTree = "<group>"; };
		44EA76782199228600317CE8 /* NSDictionary+HYBUnicodeReadable.m */ = {isa = PBXFileReference; fileEncoding = 4; lastKnownFileType = sourcecode.c.objc; path = "NSDictionary+HYBUnicodeReadable.m"; sourceTree = "<group>"; };
		44EA76792199228600317CE8 /* JPFPSStatus.h */ = {isa = PBXFileReference; fileEncoding = 4; lastKnownFileType = sourcecode.c.h; path = JPFPSStatus.h; sourceTree = "<group>"; };
		44EA767A2199228600317CE8 /* MBProgressHUD.h */ = {isa = PBXFileReference; fileEncoding = 4; lastKnownFileType = sourcecode.c.h; path = MBProgressHUD.h; sourceTree = "<group>"; };
		44EA767B2199228600317CE8 /* Dlog-Header.h */ = {isa = PBXFileReference; fileEncoding = 4; lastKnownFileType = sourcecode.c.h; path = "Dlog-Header.h"; sourceTree = "<group>"; };
		44EA767C2199228600317CE8 /* Foundation+Log.h */ = {isa = PBXFileReference; fileEncoding = 4; lastKnownFileType = sourcecode.c.h; path = "Foundation+Log.h"; sourceTree = "<group>"; };
		44EA767D2199228600317CE8 /* Reachability.h */ = {isa = PBXFileReference; fileEncoding = 4; lastKnownFileType = sourcecode.c.h; path = Reachability.h; sourceTree = "<group>"; };
		44EA767E2199228600317CE8 /* LXDEncoding.h */ = {isa = PBXFileReference; fileEncoding = 4; lastKnownFileType = sourcecode.c.h; path = LXDEncoding.h; sourceTree = "<group>"; };
		44EA767F2199228600317CE8 /* NSSet+HYBUnicodeReadable.m */ = {isa = PBXFileReference; fileEncoding = 4; lastKnownFileType = sourcecode.c.objc; path = "NSSet+HYBUnicodeReadable.m"; sourceTree = "<group>"; };
		44EA76802199228600317CE8 /* MBProgressHUD.m */ = {isa = PBXFileReference; fileEncoding = 4; lastKnownFileType = sourcecode.c.objc; path = MBProgressHUD.m; sourceTree = "<group>"; };
		44EA76812199228600317CE8 /* NSArray+HYBUnicodeReadable.m */ = {isa = PBXFileReference; fileEncoding = 4; lastKnownFileType = sourcecode.c.objc; path = "NSArray+HYBUnicodeReadable.m"; sourceTree = "<group>"; };
/* End PBXFileReference section */

/* Begin PBXFrameworksBuildPhase section */
		44955A911F7B5107007334D4 /* Frameworks */ = {
			isa = PBXFrameworksBuildPhase;
			buildActionMask = 2147483647;
			files = (
			);
			runOnlyForDeploymentPostprocessing = 0;
		};
		44955AAA1F7B5107007334D4 /* Frameworks */ = {
			isa = PBXFrameworksBuildPhase;
			buildActionMask = 2147483647;
			files = (
			);
			runOnlyForDeploymentPostprocessing = 0;
		};
		44955AB51F7B5107007334D4 /* Frameworks */ = {
			isa = PBXFrameworksBuildPhase;
			buildActionMask = 2147483647;
			files = (
			);
			runOnlyForDeploymentPostprocessing = 0;
		};
/* End PBXFrameworksBuildPhase section */

/* Begin PBXGroup section */
		442549F21F7BA72F00745F79 /* pch */ = {
			isa = PBXGroup;
			children = (
				442549F31F7BA73B00745F79 /* PrefixHeader.pch */,
			);
			path = pch;
			sourceTree = "<group>";
		};
		44955A8B1F7B5107007334D4 = {
			isa = PBXGroup;
			children = (
				44955A961F7B5107007334D4 /* TestAll */,
				44955AB01F7B5107007334D4 /* TestAllTests */,
				44955ABB1F7B5107007334D4 /* TestAllUITests */,
				44955A951F7B5107007334D4 /* Products */,
				44E936F4200FB48500575356 /* Frameworks */,
			);
			sourceTree = "<group>";
		};
		44955A951F7B5107007334D4 /* Products */ = {
			isa = PBXGroup;
			children = (
				44955A941F7B5107007334D4 /* TestAll.app */,
				44955AAD1F7B5107007334D4 /* TestAllTests.xctest */,
				44955AB81F7B5107007334D4 /* TestAllUITests.xctest */,
			);
			name = Products;
			sourceTree = "<group>";
		};
		44955A961F7B5107007334D4 /* TestAll */ = {
			isa = PBXGroup;
			children = (
				44955A9A1F7B5107007334D4 /* AppDelegate.h */,
				44955A9B1F7B5107007334D4 /* AppDelegate.m */,
				44955A9D1F7B5107007334D4 /* ViewController.h */,
				44955A9E1F7B5107007334D4 /* ViewController.m */,
				44955AA01F7B5107007334D4 /* Main.storyboard */,
				44955AA31F7B5107007334D4 /* Assets.xcassets */,
				44955AA51F7B5107007334D4 /* LaunchScreen.storyboard */,
				44955AA81F7B5107007334D4 /* Info.plist */,
				44955A971F7B5107007334D4 /* Supporting Files */,
			);
			path = TestAll;
			sourceTree = "<group>";
		};
		44955A971F7B5107007334D4 /* Supporting Files */ = {
			isa = PBXGroup;
			children = (
				44EA766C2199224300317CE8 /* Mytools */,
				442549F21F7BA72F00745F79 /* pch */,
				44955A981F7B5107007334D4 /* main.m */,
			);
			name = "Supporting Files";
			sourceTree = "<group>";
		};
		44955AB01F7B5107007334D4 /* TestAllTests */ = {
			isa = PBXGroup;
			children = (
				44955AB11F7B5107007334D4 /* TestAllTests.m */,
				44955AB31F7B5107007334D4 /* Info.plist */,
			);
			path = TestAllTests;
			sourceTree = "<group>";
		};
		44955ABB1F7B5107007334D4 /* TestAllUITests */ = {
			isa = PBXGroup;
			children = (
				44955ABC1F7B5107007334D4 /* TestAllUITests.m */,
				44955ABE1F7B5107007334D4 /* Info.plist */,
			);
			path = TestAllUITests;
			sourceTree = "<group>";
		};
		44E936F4200FB48500575356 /* Frameworks */ = {
			isa = PBXGroup;
			children = (
				44E936F5200FB48600575356 /* libz.tbd */,
			);
			name = Frameworks;
			sourceTree = "<group>";
		};
		44EA766C2199224300317CE8 /* Mytools */ = {
			isa = PBXGroup;
			children = (
				44EA767B2199228600317CE8 /* Dlog-Header.h */,
				44EA767C2199228600317CE8 /* Foundation+Log.h */,
				44EA76792199228600317CE8 /* JPFPSStatus.h */,
				44EA76752199228500317CE8 /* JPFPSStatus.m */,
				44EA767E2199228600317CE8 /* LXDEncoding.h */,
				44EA767A2199228600317CE8 /* MBProgressHUD.h */,
				44EA76802199228600317CE8 /* MBProgressHUD.m */,
				44EA76742199228500317CE8 /* MyTools.h */,
				44EA76732199228500317CE8 /* MyTools.m */,
				44EA76772199228600317CE8 /* NSArray+HYBUnicodeReadable.h */,
				44EA76812199228600317CE8 /* NSArray+HYBUnicodeReadable.m */,
				44EA766F2199228500317CE8 /* NSDictionary+HYBUnicodeReadable.h */,
				44EA76782199228600317CE8 /* NSDictionary+HYBUnicodeReadable.m */,
				44EA76762199228500317CE8 /* NSSet+HYBUnicodeReadable.h */,
				44EA767F2199228600317CE8 /* NSSet+HYBUnicodeReadable.m */,
				44EA767D2199228600317CE8 /* Reachability.h */,
				44EA76712199228500317CE8 /* Reachability.m */,
				44EA766E2199228500317CE8 /* Singleton.h */,
				44EA76702199228500317CE8 /* UIView+Extension.h */,
				44EA76722199228500317CE8 /* UIView+Extension.m */,
				44EA766D2199224300317CE8 /* Reachability */,
			);
			path = Mytools;
			sourceTree = "<group>";
		};
		44EA766D2199224300317CE8 /* Reachability */ = {
			isa = PBXGroup;
			children = (
			);
			path = Reachability;
			sourceTree = "<group>";
		};
/* End PBXGroup section */

/* Begin PBXNativeTarget section */
		44955A931F7B5107007334D4 /* TestAll */ = {
			isa = PBXNativeTarget;
			buildConfigurationList = 44955AC11F7B5107007334D4 /* Build configuration list for PBXNativeTarget "TestAll" */;
			buildPhases = (
				44955A901F7B5107007334D4 /* Sources */,
				44955A911F7B5107007334D4 /* Frameworks */,
				44955A921F7B5107007334D4 /* Resources */,
			);
			buildRules = (
			);
			dependencies = (
			);
			name = TestAll;
			productName = TestAll;
			productReference = 44955A941F7B5107007334D4 /* TestAll.app */;
			productType = "com.apple.product-type.application";
		};
		44955AAC1F7B5107007334D4 /* TestAllTests */ = {
			isa = PBXNativeTarget;
			buildConfigurationList = 44955AC41F7B5107007334D4 /* Build configuration list for PBXNativeTarget "TestAllTests" */;
			buildPhases = (
				44955AA91F7B5107007334D4 /* Sources */,
				44955AAA1F7B5107007334D4 /* Frameworks */,
				44955AAB1F7B5107007334D4 /* Resources */,
			);
			buildRules = (
			);
			dependencies = (
				44955AAF1F7B5107007334D4 /* PBXTargetDependency */,
			);
			name = TestAllTests;
			productName = TestAllTests;
			productReference = 44955AAD1F7B5107007334D4 /* TestAllTests.xctest */;
			productType = "com.apple.product-type.bundle.unit-test";
		};
		44955AB71F7B5107007334D4 /* TestAllUITests */ = {
			isa = PBXNativeTarget;
			buildConfigurationList = 44955AC71F7B5107007334D4 /* Build configuration list for PBXNativeTarget "TestAllUITests" */;
			buildPhases = (
				44955AB41F7B5107007334D4 /* Sources */,
				44955AB51F7B5107007334D4 /* Frameworks */,
				44955AB61F7B5107007334D4 /* Resources */,
			);
			buildRules = (
			);
			dependencies = (
				44955ABA1F7B5107007334D4 /* PBXTargetDependency */,
			);
			name = TestAllUITests;
			productName = TestAllUITests;
			productReference = 44955AB81F7B5107007334D4 /* TestAllUITests.xctest */;
			productType = "com.apple.product-type.bundle.ui-testing";
		};
/* End PBXNativeTarget section */

/* Begin PBXProject section */
		44955A8C1F7B5107007334D4 /* Project object */ = {
			isa = PBXProject;
			attributes = {
				LastUpgradeCheck = 0830;
				ORGANIZATIONNAME = ZDHS;
				TargetAttributes = {
					44955A931F7B5107007334D4 = {
						CreatedOnToolsVersion = 8.3;
						DevelopmentTeam = NL96QSW83W;
						ProvisioningStyle = Automatic;
					};
					44955AAC1F7B5107007334D4 = {
						CreatedOnToolsVersion = 8.3;
						ProvisioningStyle = Automatic;
						TestTargetID = 44955A931F7B5107007334D4;
					};
					44955AB71F7B5107007334D4 = {
						CreatedOnToolsVersion = 8.3;
						ProvisioningStyle = Automatic;
						TestTargetID = 44955A931F7B5107007334D4;
					};
				};
			};
			buildConfigurationList = 44955A8F1F7B5107007334D4 /* Build configuration list for PBXProject "TestAll" */;
			compatibilityVersion = "Xcode 3.2";
			developmentRegion = English;
			hasScannedForEncodings = 0;
			knownRegions = (
				en,
				Base,
			);
			mainGroup = 44955A8B1F7B5107007334D4;
			productRefGroup = 44955A951F7B5107007334D4 /* Products */;
			projectDirPath = "";
			projectRoot = "";
			targets = (
				44955A931F7B5107007334D4 /* TestAll */,
				44955AAC1F7B5107007334D4 /* TestAllTests */,
				44955AB71F7B5107007334D4 /* TestAllUITests */,
			);
		};
/* End PBXProject section */

/* Begin PBXResourcesBuildPhase section */
		44955A921F7B5107007334D4 /* Resources */ = {
			isa = PBXResourcesBuildPhase;
			buildActionMask = 2147483647;
			files = (
				44955AA71F7B5107007334D4 /* LaunchScreen.storyboard in Resources */,
				44955AA41F7B5107007334D4 /* Assets.xcassets in Resources */,
				44955AA21F7B5107007334D4 /* Main.storyboard in Resources */,
			);
			runOnlyForDeploymentPostprocessing = 0;
		};
		44955AAB1F7B5107007334D4 /* Resources */ = {
			isa = PBXResourcesBuildPhase;
			buildActionMask = 2147483647;
			files = (
			);
			runOnlyForDeploymentPostprocessing = 0;
		};
		44955AB61F7B5107007334D4 /* Resources */ = {
			isa = PBXResourcesBuildPhase;
			buildActionMask = 2147483647;
			files = (
			);
			runOnlyForDeploymentPostprocessing = 0;
		};
/* End PBXResourcesBuildPhase section */

/* Begin PBXSourcesBuildPhase section */
		44955A901F7B5107007334D4 /* Sources */ = {
			isa = PBXSourcesBuildPhase;
			buildActionMask = 2147483647;
			files = (
				44EA76872199228600317CE8 /* NSSet+HYBUnicodeReadable.m in Sources */,
				44EA76862199228600317CE8 /* NSDictionary+HYBUnicodeReadable.m in Sources */,
				44EA76892199228600317CE8 /* NSArray+HYBUnicodeReadable.m in Sources */,
				44EA76832199228600317CE8 /* UIView+Extension.m in Sources */,
				44955A9F1F7B5107007334D4 /* ViewController.m in Sources */,
				44955A9C1F7B5107007334D4 /* AppDelegate.m in Sources */,
				44EA76842199228600317CE8 /* MyTools.m in Sources */,
				44EA76852199228600317CE8 /* JPFPSStatus.m in Sources */,
				44EA76882199228600317CE8 /* MBProgressHUD.m in Sources */,
				44EA76822199228600317CE8 /* Reachability.m in Sources */,
				44955A991F7B5107007334D4 /* main.m in Sources */,
			);
			runOnlyForDeploymentPostprocessing = 0;
		};
		44955AA91F7B5107007334D4 /* Sources */ = {
			isa = PBXSourcesBuildPhase;
			buildActionMask = 2147483647;
			files = (
				44955AB21F7B5107007334D4 /* TestAllTests.m in Sources */,
			);
			runOnlyForDeploymentPostprocessing = 0;
		};
		44955AB41F7B5107007334D4 /* Sources */ = {
			isa = PBXSourcesBuildPhase;
			buildActionMask = 2147483647;
			files = (
				44955ABD1F7B5107007334D4 /* TestAllUITests.m in Sources */,
			);
			runOnlyForDeploymentPostprocessing = 0;
		};
/* End PBXSourcesBuildPhase section */

/* Begin PBXTargetDependency section */
		44955AAF1F7B5107007334D4 /* PBXTargetDependency */ = {
			isa = PBXTargetDependency;
			target = 44955A931F7B5107007334D4 /* TestAll */;
			targetProxy = 44955AAE1F7B5107007334D4 /* PBXContainerItemProxy */;
		};
		44955ABA1F7B5107007334D4 /* PBXTargetDependency */ = {
			isa = PBXTargetDependency;
			target = 44955A931F7B5107007334D4 /* TestAll */;
			targetProxy = 44955AB91F7B5107007334D4 /* PBXContainerItemProxy */;
		};
/* End PBXTargetDependency section */

/* Begin PBXVariantGroup section */
		44955AA01F7B5107007334D4 /* Main.storyboard */ = {
			isa = PBXVariantGroup;
			children = (
				44955AA11F7B5107007334D4 /* Base */,
			);
			name = Main.storyboard;
			sourceTree = "<group>";
		};
		44955AA51F7B5107007334D4 /* LaunchScreen.storyboard */ = {
			isa = PBXVariantGroup;
			children = (
				44955AA61F7B5107007334D4 /* Base */,
			);
			name = LaunchScreen.storyboard;
			sourceTree = "<group>";
		};
/* End PBXVariantGroup section */

/* Begin XCBuildConfiguration section */
		44955ABF1F7B5107007334D4 /* Debug */ = {
			isa = XCBuildConfiguration;
			buildSettings = {
				ALWAYS_SEARCH_USER_PATHS = NO;
				CLANG_ANALYZER_NONNULL = YES;
				CLANG_ANALYZER_NUMBER_OBJECT_CONVERSION = YES_AGGRESSIVE;
				CLANG_CXX_LANGUAGE_STANDARD = "gnu++0x";
				CLANG_CXX_LIBRARY = "libc++";
				CLANG_ENABLE_MODULES = YES;
				CLANG_ENABLE_OBJC_ARC = YES;
				CLANG_WARN_BOOL_CONVERSION = YES;
				CLANG_WARN_CONSTANT_CONVERSION = YES;
				CLANG_WARN_DIRECT_OBJC_ISA_USAGE = YES_ERROR;
				CLANG_WARN_DOCUMENTATION_COMMENTS = YES;
				CLANG_WARN_EMPTY_BODY = YES;
				CLANG_WARN_ENUM_CONVERSION = YES;
				CLANG_WARN_INFINITE_RECURSION = YES;
				CLANG_WARN_INT_CONVERSION = YES;
				CLANG_WARN_OBJC_ROOT_CLASS = YES_ERROR;
				CLANG_WARN_SUSPICIOUS_MOVE = YES;
				CLANG_WARN_UNREACHABLE_CODE = YES;
				CLANG_WARN__DUPLICATE_METHOD_MATCH = YES;
				"CODE_SIGN_IDENTITY[sdk=iphoneos*]" = "iPhone Developer";
				COPY_PHASE_STRIP = NO;
				DEBUG_INFORMATION_FORMAT = dwarf;
				ENABLE_STRICT_OBJC_MSGSEND = YES;
				ENABLE_TESTABILITY = YES;
				GCC_C_LANGUAGE_STANDARD = gnu99;
				GCC_DYNAMIC_NO_PIC = NO;
				GCC_NO_COMMON_BLOCKS = YES;
				GCC_OPTIMIZATION_LEVEL = 0;
				GCC_PREPROCESSOR_DEFINITIONS = (
					"DEBUG=1",
					"$(inherited)",
				);
				GCC_WARN_64_TO_32_BIT_CONVERSION = YES;
				GCC_WARN_ABOUT_RETURN_TYPE = YES_ERROR;
				GCC_WARN_UNDECLARED_SELECTOR = YES;
				GCC_WARN_UNINITIALIZED_AUTOS = YES_AGGRESSIVE;
				GCC_WARN_UNUSED_FUNCTION = YES;
				GCC_WARN_UNUSED_VARIABLE = YES;
				IPHONEOS_DEPLOYMENT_TARGET = 10.3;
				MTL_ENABLE_DEBUG_INFO = YES;
				ONLY_ACTIVE_ARCH = YES;
				SDKROOT = iphoneos;
			};
			name = Debug;
		};
		44955AC01F7B5107007334D4 /* Release */ = {
			isa = XCBuildConfiguration;
			buildSettings = {
				ALWAYS_SEARCH_USER_PATHS = NO;
				CLANG_ANALYZER_NONNULL = YES;
				CLANG_ANALYZER_NUMBER_OBJECT_CONVERSION = YES_AGGRESSIVE;
				CLANG_CXX_LANGUAGE_STANDARD = "gnu++0x";
				CLANG_CXX_LIBRARY = "libc++";
				CLANG_ENABLE_MODULES = YES;
				CLANG_ENABLE_OBJC_ARC = YES;
				CLANG_WARN_BOOL_CONVERSION = YES;
				CLANG_WARN_CONSTANT_CONVERSION = YES;
				CLANG_WARN_DIRECT_OBJC_ISA_USAGE = YES_ERROR;
				CLANG_WARN_DOCUMENTATION_COMMENTS = YES;
				CLANG_WARN_EMPTY_BODY = YES;
				CLANG_WARN_ENUM_CONVERSION = YES;
				CLANG_WARN_INFINITE_RECURSION = YES;
				CLANG_WARN_INT_CONVERSION = YES;
				CLANG_WARN_OBJC_ROOT_CLASS = YES_ERROR;
				CLANG_WARN_SUSPICIOUS_MOVE = YES;
				CLANG_WARN_UNREACHABLE_CODE = YES;
				CLANG_WARN__DUPLICATE_METHOD_MATCH = YES;
				"CODE_SIGN_IDENTITY[sdk=iphoneos*]" = "iPhone Developer";
				COPY_PHASE_STRIP = NO;
				DEBUG_INFORMATION_FORMAT = "dwarf-with-dsym";
				ENABLE_NS_ASSERTIONS = NO;
				ENABLE_STRICT_OBJC_MSGSEND = YES;
				GCC_C_LANGUAGE_STANDARD = gnu99;
				GCC_NO_COMMON_BLOCKS = YES;
				GCC_WARN_64_TO_32_BIT_CONVERSION = YES;
				GCC_WARN_ABOUT_RETURN_TYPE = YES_ERROR;
				GCC_WARN_UNDECLARED_SELECTOR = YES;
				GCC_WARN_UNINITIALIZED_AUTOS = YES_AGGRESSIVE;
				GCC_WARN_UNUSED_FUNCTION = YES;
				GCC_WARN_UNUSED_VARIABLE = YES;
				IPHONEOS_DEPLOYMENT_TARGET = 10.3;
				MTL_ENABLE_DEBUG_INFO = NO;
				SDKROOT = iphoneos;
				VALIDATE_PRODUCT = YES;
			};
			name = Release;
		};
		44955AC21F7B5107007334D4 /* Debug */ = {
			isa = XCBuildConfiguration;
			buildSettings = {
				ASSETCATALOG_COMPILER_APPICON_NAME = AppIcon;
				DEVELOPMENT_TEAM = NL96QSW83W;
				GCC_PRECOMPILE_PREFIX_HEADER = YES;
				GCC_PREFIX_HEADER = "$(PROJECT_DIR)/TestAll/pch/PrefixHeader.pch";
				INFOPLIST_FILE = TestAll/Info.plist;
				IPHONEOS_DEPLOYMENT_TARGET = 8.4;
				LD_RUNPATH_SEARCH_PATHS = "$(inherited) @executable_path/Frameworks";
				PRODUCT_BUNDLE_IDENTIFIER = com.zgyTest1;
				PRODUCT_NAME = "$(TARGET_NAME)";
				SDKROOT = iphoneos;
			};
			name = Debug;
		};
		44955AC31F7B5107007334D4 /* Release */ = {
			isa = XCBuildConfiguration;
			buildSettings = {
				ASSETCATALOG_COMPILER_APPICON_NAME = AppIcon;
				DEVELOPMENT_TEAM = NL96QSW83W;
				GCC_PRECOMPILE_PREFIX_HEADER = YES;
				GCC_PREFIX_HEADER = "$(PROJECT_DIR)/TestAll/pch/PrefixHeader.pch";
				INFOPLIST_FILE = TestAll/Info.plist;
				IPHONEOS_DEPLOYMENT_TARGET = 8.4;
				LD_RUNPATH_SEARCH_PATHS = "$(inherited) @executable_path/Frameworks";
				PRODUCT_BUNDLE_IDENTIFIER = com.zgyTest1;
				PRODUCT_NAME = "$(TARGET_NAME)";
				SDKROOT = iphoneos;
			};
			name = Release;
		};
		44955AC51F7B5107007334D4 /* Debug */ = {
			isa = XCBuildConfiguration;
			buildSettings = {
				BUNDLE_LOADER = "$(TEST_HOST)";
				INFOPLIST_FILE = TestAllTests/Info.plist;
				LD_RUNPATH_SEARCH_PATHS = "$(inherited) @executable_path/Frameworks @loader_path/Frameworks";
				PRODUCT_BUNDLE_IDENTIFIER = com.zgyTest1.TestAllTests;
				PRODUCT_NAME = "$(TARGET_NAME)";
				TEST_HOST = "$(BUILT_PRODUCTS_DIR)/TestAll.app/TestAll";
			};
			name = Debug;
		};
		44955AC61F7B5107007334D4 /* Release */ = {
			isa = XCBuildConfiguration;
			buildSettings = {
				BUNDLE_LOADER = "$(TEST_HOST)";
				INFOPLIST_FILE = TestAllTests/Info.plist;
				LD_RUNPATH_SEARCH_PATHS = "$(inherited) @executable_path/Frameworks @loader_path/Frameworks";
				PRODUCT_BUNDLE_IDENTIFIER = com.zgyTest1.TestAllTests;
				PRODUCT_NAME = "$(TARGET_NAME)";
				TEST_HOST = "$(BUILT_PRODUCTS_DIR)/TestAll.app/TestAll";
			};
			name = Release;
		};
		44955AC81F7B5107007334D4 /* Debug */ = {
			isa = XCBuildConfiguration;
			buildSettings = {
				INFOPLIST_FILE = TestAllUITests/Info.plist;
				LD_RUNPATH_SEARCH_PATHS = "$(inherited) @executable_path/Frameworks @loader_path/Frameworks";
				PRODUCT_BUNDLE_IDENTIFIER = com.zgyTest1.TestAllUITests;
				PRODUCT_NAME = "$(TARGET_NAME)";
				TEST_TARGET_NAME = TestAll;
			};
			name = Debug;
		};
		44955AC91F7B5107007334D4 /* Release */ = {
			isa = XCBuildConfiguration;
			buildSettings = {
				INFOPLIST_FILE = TestAllUITests/Info.plist;
				LD_RUNPATH_SEARCH_PATHS = "$(inherited) @executable_path/Frameworks @loader_path/Frameworks";
				PRODUCT_BUNDLE_IDENTIFIER = com.zgyTest1.TestAllUITests;
				PRODUCT_NAME = "$(TARGET_NAME)";
				TEST_TARGET_NAME = TestAll;
			};
			name = Release;
		};
/* End XCBuildConfiguration section */

/* Begin XCConfigurationList section */
		44955A8F1F7B5107007334D4 /* Build configuration list for PBXProject "TestAll" */ = {
			isa = XCConfigurationList;
			buildConfigurations = (
				44955ABF1F7B5107007334D4 /* Debug */,
				44955AC01F7B5107007334D4 /* Release */,
			);
			defaultConfigurationIsVisible = 0;
			defaultConfigurationName = Release;
		};
		44955AC11F7B5107007334D4 /* Build configuration list for PBXNativeTarget "TestAll" */ = {
			isa = XCConfigurationList;
			buildConfigurations = (
				44955AC21F7B5107007334D4 /* Debug */,
				44955AC31F7B5107007334D4 /* Release */,
			);
			defaultConfigurationIsVisible = 0;
			defaultConfigurationName = Release;
		};
		44955AC41F7B5107007334D4 /* Build configuration list for PBXNativeTarget "TestAllTests" */ = {
			isa = XCConfigurationList;
			buildConfigurations = (
				44955AC51F7B5107007334D4 /* Debug */,
				44955AC61F7B5107007334D4 /* Release */,
			);
			defaultConfigurationIsVisible = 0;
			defaultConfigurationName = Release;
		};
		44955AC71F7B5107007334D4 /* Build configuration list for PBXNativeTarget "TestAllUITests" */ = {
			isa = XCConfigurationList;
			buildConfigurations = (
				44955AC81F7B5107007334D4 /* Debug */,
				44955AC91F7B5107007334D4 /* Release */,
			);
			defaultConfigurationIsVisible = 0;
			defaultConfigurationName = Release;
		};
/* End XCConfigurationList section */
	};
	rootObject = 44955A8C1F7B5107007334D4 /* Project object */;
}
